// !$*UTF8*$!
{
	archiveVersion = 1;
	classes = {
	};
	objectVersion = 55;
	objects = {

/* Begin PBXBuildFile section */
		544433A728D070BD00EBCE52 /* YoutubeModel.swift in Sources */ = {isa = PBXBuildFile; fileRef = 544433A628D070BD00EBCE52 /* YoutubeModel.swift */; };
		545E0A3D28CF9F520016368C /* Kingfisher in Frameworks */ = {isa = PBXBuildFile; productRef = 545E0A3C28CF9F520016368C /* Kingfisher */; };
		545E0A3F28CFA8E00016368C /* SearchResultVC.swift in Sources */ = {isa = PBXBuildFile; fileRef = 545E0A3E28CFA8E00016368C /* SearchResultVC.swift */; };
		5462115028CE532700663236 /* Movie.swift in Sources */ = {isa = PBXBuildFile; fileRef = 5462114F28CE532700663236 /* Movie.swift */; };
		5462115228CE5A3400663236 /* MovieCollectionCell.swift in Sources */ = {isa = PBXBuildFile; fileRef = 5462115128CE5A3400663236 /* MovieCollectionCell.swift */; };
		5462115928CE6FF600663236 /* SDWebImageMapKit in Frameworks */ = {isa = PBXBuildFile; productRef = 5462115828CE6FF600663236 /* SDWebImageMapKit */; };
		5462115B28CE940500663236 /* UpComingTableCell.swift in Sources */ = {isa = PBXBuildFile; fileRef = 5462115A28CE940500663236 /* UpComingTableCell.swift */; };
		546591B828D0B5AC00BFA789 /* MoviePreviewVC.swift in Sources */ = {isa = PBXBuildFile; fileRef = 546591B728D0B5AC00BFA789 /* MoviePreviewVC.swift */; };
		546591BA28D0C41200BFA789 /* MoviePreviewViewModel.swift in Sources */ = {isa = PBXBuildFile; fileRef = 546591B928D0C41200BFA789 /* MoviePreviewViewModel.swift */; };
		5474C10128CF1FB60091985B /* MovieViewModel.swift in Sources */ = {isa = PBXBuildFile; fileRef = 5474C10028CF1FB60091985B /* MovieViewModel.swift */; };
		5496C29F28CC8EB7006BBF7F /* AppDelegate.swift in Sources */ = {isa = PBXBuildFile; fileRef = 5496C29E28CC8EB7006BBF7F /* AppDelegate.swift */; };
		5496C2A128CC8EB7006BBF7F /* SceneDelegate.swift in Sources */ = {isa = PBXBuildFile; fileRef = 5496C2A028CC8EB7006BBF7F /* SceneDelegate.swift */; };
		5496C2A328CC8EB7006BBF7F /* MainTabbarVC.swift in Sources */ = {isa = PBXBuildFile; fileRef = 5496C2A228CC8EB7006BBF7F /* MainTabbarVC.swift */; };
		5496C2A828CC8EB8006BBF7F /* Assets.xcassets in Resources */ = {isa = PBXBuildFile; fileRef = 5496C2A728CC8EB8006BBF7F /* Assets.xcassets */; };
		5496C2AB28CC8EB8006BBF7F /* LaunchScreen.storyboard in Resources */ = {isa = PBXBuildFile; fileRef = 5496C2A928CC8EB8006BBF7F /* LaunchScreen.storyboard */; };
		5496C2B528CC919B006BBF7F /* HomeVC.swift in Sources */ = {isa = PBXBuildFile; fileRef = 5496C2B428CC919B006BBF7F /* HomeVC.swift */; };
		5496C2B728CC91BC006BBF7F /* UpComingVC.swift in Sources */ = {isa = PBXBuildFile; fileRef = 5496C2B628CC91BC006BBF7F /* UpComingVC.swift */; };
		5496C2B928CC91D7006BBF7F /* SearchVC.swift in Sources */ = {isa = PBXBuildFile; fileRef = 5496C2B828CC91D7006BBF7F /* SearchVC.swift */; };
		5496C2BB28CC91EE006BBF7F /* DownloadsVC.swift in Sources */ = {isa = PBXBuildFile; fileRef = 5496C2BA28CC91EE006BBF7F /* DownloadsVC.swift */; };
		5496C2C228CCA04F006BBF7F /* MovieTableViewCell.swift in Sources */ = {isa = PBXBuildFile; fileRef = 5496C2C128CCA04F006BBF7F /* MovieTableViewCell.swift */; };
		5496C2C428CCB11D006BBF7F /* HeroHeaderView.swift in Sources */ = {isa = PBXBuildFile; fileRef = 5496C2C328CCB11D006BBF7F /* HeroHeaderView.swift */; };
		54AA345828D2FB680026C315 /* NetflixModel.xcdatamodeld in Sources */ = {isa = PBXBuildFile; fileRef = 54AA345628D2FB680026C315 /* NetflixModel.xcdatamodeld */; };
		54B53ADD28CDB95F00A5DEDE /* AppError.swift in Sources */ = {isa = PBXBuildFile; fileRef = 54B53ADC28CDB95F00A5DEDE /* AppError.swift */; };
		54B53AE028CDBC1E00A5DEDE /* String+Extension.swift in Sources */ = {isa = PBXBuildFile; fileRef = 54B53ADF28CDBC1E00A5DEDE /* String+Extension.swift */; };
		54D02ABA28D3158300D60818 /* DataPersistanceManager.swift in Sources */ = {isa = PBXBuildFile; fileRef = 54D02AB928D3158300D60818 /* DataPersistanceManager.swift */; };
		54E5AE7128CCFF7300872E46 /* APICaller.swift in Sources */ = {isa = PBXBuildFile; fileRef = 54E5AE7028CCFF7300872E46 /* APICaller.swift */; };
/* End PBXBuildFile section */

/* Begin PBXFileReference section */
		544433A628D070BD00EBCE52 /* YoutubeModel.swift */ = {isa = PBXFileReference; lastKnownFileType = sourcecode.swift; path = YoutubeModel.swift; sourceTree = "<group>"; };
		545E0A3E28CFA8E00016368C /* SearchResultVC.swift */ = {isa = PBXFileReference; lastKnownFileType = sourcecode.swift; path = SearchResultVC.swift; sourceTree = "<group>"; };
		5462114F28CE532700663236 /* Movie.swift */ = {isa = PBXFileReference; lastKnownFileType = sourcecode.swift; path = Movie.swift; sourceTree = "<group>"; };
		5462115128CE5A3400663236 /* MovieCollectionCell.swift */ = {isa = PBXFileReference; lastKnownFileType = sourcecode.swift; path = MovieCollectionCell.swift; sourceTree = "<group>"; };
		5462115A28CE940500663236 /* UpComingTableCell.swift */ = {isa = PBXFileReference; lastKnownFileType = sourcecode.swift; path = UpComingTableCell.swift; sourceTree = "<group>"; };
		546591B728D0B5AC00BFA789 /* MoviePreviewVC.swift */ = {isa = PBXFileReference; lastKnownFileType = sourcecode.swift; path = MoviePreviewVC.swift; sourceTree = "<group>"; };
		546591B928D0C41200BFA789 /* MoviePreviewViewModel.swift */ = {isa = PBXFileReference; lastKnownFileType = sourcecode.swift; path = MoviePreviewViewModel.swift; sourceTree = "<group>"; };
		5474C10028CF1FB60091985B /* MovieViewModel.swift */ = {isa = PBXFileReference; lastKnownFileType = sourcecode.swift; path = MovieViewModel.swift; sourceTree = "<group>"; };
		5496C29B28CC8EB7006BBF7F /* Netflix Clone.app */ = {isa = PBXFileReference; explicitFileType = wrapper.application; includeInIndex = 0; path = "Netflix Clone.app"; sourceTree = BUILT_PRODUCTS_DIR; };
		5496C29E28CC8EB7006BBF7F /* AppDelegate.swift */ = {isa = PBXFileReference; lastKnownFileType = sourcecode.swift; path = AppDelegate.swift; sourceTree = "<group>"; };
		5496C2A028CC8EB7006BBF7F /* SceneDelegate.swift */ = {isa = PBXFileReference; lastKnownFileType = sourcecode.swift; path = SceneDelegate.swift; sourceTree = "<group>"; };
		5496C2A228CC8EB7006BBF7F /* MainTabbarVC.swift */ = {isa = PBXFileReference; lastKnownFileType = sourcecode.swift; path = MainTabbarVC.swift; sourceTree = "<group>"; };
		5496C2A728CC8EB8006BBF7F /* Assets.xcassets */ = {isa = PBXFileReference; lastKnownFileType = folder.assetcatalog; path = Assets.xcassets; sourceTree = "<group>"; };
		5496C2AA28CC8EB8006BBF7F /* Base */ = {isa = PBXFileReference; lastKnownFileType = file.storyboard; name = Base; path = Base.lproj/LaunchScreen.storyboard; sourceTree = "<group>"; };
		5496C2AC28CC8EB8006BBF7F /* Info.plist */ = {isa = PBXFileReference; lastKnownFileType = text.plist.xml; path = Info.plist; sourceTree = "<group>"; };
		5496C2B428CC919B006BBF7F /* HomeVC.swift */ = {isa = PBXFileReference; lastKnownFileType = sourcecode.swift; path = HomeVC.swift; sourceTree = "<group>"; };
		5496C2B628CC91BC006BBF7F /* UpComingVC.swift */ = {isa = PBXFileReference; lastKnownFileType = sourcecode.swift; path = UpComingVC.swift; sourceTree = "<group>"; };
		5496C2B828CC91D7006BBF7F /* SearchVC.swift */ = {isa = PBXFileReference; lastKnownFileType = sourcecode.swift; path = SearchVC.swift; sourceTree = "<group>"; };
		5496C2BA28CC91EE006BBF7F /* DownloadsVC.swift */ = {isa = PBXFileReference; lastKnownFileType = sourcecode.swift; path = DownloadsVC.swift; sourceTree = "<group>"; };
		5496C2C128CCA04F006BBF7F /* MovieTableViewCell.swift */ = {isa = PBXFileReference; lastKnownFileType = sourcecode.swift; path = MovieTableViewCell.swift; sourceTree = "<group>"; };
		5496C2C328CCB11D006BBF7F /* HeroHeaderView.swift */ = {isa = PBXFileReference; lastKnownFileType = sourcecode.swift; path = HeroHeaderView.swift; sourceTree = "<group>"; };
		54AA345728D2FB680026C315 /* NetflixModel.xcdatamodel */ = {isa = PBXFileReference; lastKnownFileType = wrapper.xcdatamodel; path = NetflixModel.xcdatamodel; sourceTree = "<group>"; };
		54B53ADC28CDB95F00A5DEDE /* AppError.swift */ = {isa = PBXFileReference; lastKnownFileType = sourcecode.swift; path = AppError.swift; sourceTree = "<group>"; };
		54B53ADF28CDBC1E00A5DEDE /* String+Extension.swift */ = {isa = PBXFileReference; lastKnownFileType = sourcecode.swift; path = "String+Extension.swift"; sourceTree = "<group>"; };
		54D02AB928D3158300D60818 /* DataPersistanceManager.swift */ = {isa = PBXFileReference; lastKnownFileType = sourcecode.swift; path = DataPersistanceManager.swift; sourceTree = "<group>"; };
		54E5AE7028CCFF7300872E46 /* APICaller.swift */ = {isa = PBXFileReference; lastKnownFileType = sourcecode.swift; path = APICaller.swift; sourceTree = "<group>"; };
/* End PBXFileReference section */

/* Begin PBXFrameworksBuildPhase section */
		5496C29828CC8EB7006BBF7F /* Frameworks */ = {
			isa = PBXFrameworksBuildPhase;
			buildActionMask = 2147483647;
			files = (
				545E0A3D28CF9F520016368C /* Kingfisher in Frameworks */,
				5462115928CE6FF600663236 /* SDWebImageMapKit in Frameworks */,
			);
			runOnlyForDeploymentPostprocessing = 0;
		};
/* End PBXFrameworksBuildPhase section */

/* Begin PBXGroup section */
		545E0A4028CFA9030016368C /* Core */ = {
			isa = PBXGroup;
			children = (
				5496C2A228CC8EB7006BBF7F /* MainTabbarVC.swift */,
				5496C2B428CC919B006BBF7F /* HomeVC.swift */,
				5496C2B628CC91BC006BBF7F /* UpComingVC.swift */,
				5496C2B828CC91D7006BBF7F /* SearchVC.swift */,
				5496C2BA28CC91EE006BBF7F /* DownloadsVC.swift */,
			);
			path = Core;
			sourceTree = "<group>";
		};
		545E0A4128CFA92A0016368C /* General */ = {
			isa = PBXGroup;
			children = (
				545E0A3E28CFA8E00016368C /* SearchResultVC.swift */,
				546591B728D0B5AC00BFA789 /* MoviePreviewVC.swift */,
			);
			path = General;
			sourceTree = "<group>";
		};
		5462115328CE5A3900663236 /* Cell */ = {
			isa = PBXGroup;
			children = (
				5462115128CE5A3400663236 /* MovieCollectionCell.swift */,
				5496C2C128CCA04F006BBF7F /* MovieTableViewCell.swift */,
				5462115A28CE940500663236 /* UpComingTableCell.swift */,
			);
			path = Cell;
			sourceTree = "<group>";
		};
		5496C29228CC8EB7006BBF7F = {
			isa = PBXGroup;
			children = (
				5496C29D28CC8EB7006BBF7F /* Netflix Clone */,
				5496C29C28CC8EB7006BBF7F /* Products */,
			);
			sourceTree = "<group>";
		};
		5496C29C28CC8EB7006BBF7F /* Products */ = {
			isa = PBXGroup;
			children = (
				5496C29B28CC8EB7006BBF7F /* Netflix Clone.app */,
			);
			name = Products;
			sourceTree = "<group>";
		};
		5496C29D28CC8EB7006BBF7F /* Netflix Clone */ = {
			isa = PBXGroup;
			children = (
				5496C2C028CC9F28006BBF7F /* Managers */,
				5496C2BF28CC9F1B006BBF7F /* Resources */,
				5496C2BE28CC9EF1006BBF7F /* Models */,
				5496C2BC28CC9E27006BBF7F /* Views */,
				5496C2BD28CC9EE2006BBF7F /* ViewModels */,
				5496C2B228CC9173006BBF7F /* Controllers */,
				5496C29E28CC8EB7006BBF7F /* AppDelegate.swift */,
				5496C2A028CC8EB7006BBF7F /* SceneDelegate.swift */,
				5496C2A728CC8EB8006BBF7F /* Assets.xcassets */,
				5496C2A928CC8EB8006BBF7F /* LaunchScreen.storyboard */,
				5496C2AC28CC8EB8006BBF7F /* Info.plist */,
				54AA345628D2FB680026C315 /* NetflixModel.xcdatamodeld */,
			);
			path = "Netflix Clone";
			sourceTree = "<group>";
		};
		5496C2B228CC9173006BBF7F /* Controllers */ = {
			isa = PBXGroup;
			children = (
				545E0A4128CFA92A0016368C /* General */,
				545E0A4028CFA9030016368C /* Core */,
			);
			path = Controllers;
			sourceTree = "<group>";
		};
		5496C2BC28CC9E27006BBF7F /* Views */ = {
			isa = PBXGroup;
			children = (
				5462115328CE5A3900663236 /* Cell */,
				5496C2C328CCB11D006BBF7F /* HeroHeaderView.swift */,
			);
			path = Views;
			sourceTree = "<group>";
		};
		5496C2BD28CC9EE2006BBF7F /* ViewModels */ = {
			isa = PBXGroup;
			children = (
				5474C10028CF1FB60091985B /* MovieViewModel.swift */,
				546591B928D0C41200BFA789 /* MoviePreviewViewModel.swift */,
			);
			path = ViewModels;
			sourceTree = "<group>";
		};
		5496C2BE28CC9EF1006BBF7F /* Models */ = {
			isa = PBXGroup;
			children = (
				5462114F28CE532700663236 /* Movie.swift */,
				544433A628D070BD00EBCE52 /* YoutubeModel.swift */,
			);
			path = Models;
			sourceTree = "<group>";
		};
		5496C2BF28CC9F1B006BBF7F /* Resources */ = {
			isa = PBXGroup;
			children = (
				54B53ADE28CDBC0700A5DEDE /* Extension */,
			);
			path = Resources;
			sourceTree = "<group>";
		};
		5496C2C028CC9F28006BBF7F /* Managers */ = {
			isa = PBXGroup;
			children = (
				54E5AE7028CCFF7300872E46 /* APICaller.swift */,
				54B53ADC28CDB95F00A5DEDE /* AppError.swift */,
				54D02AB928D3158300D60818 /* DataPersistanceManager.swift */,
			);
			path = Managers;
			sourceTree = "<group>";
		};
		54B53ADE28CDBC0700A5DEDE /* Extension */ = {
			isa = PBXGroup;
			children = (
				54B53ADF28CDBC1E00A5DEDE /* String+Extension.swift */,
			);
			path = Extension;
			sourceTree = "<group>";
		};
/* End PBXGroup section */

/* Begin PBXNativeTarget section */
		5496C29A28CC8EB7006BBF7F /* Netflix Clone */ = {
			isa = PBXNativeTarget;
			buildConfigurationList = 5496C2AF28CC8EB8006BBF7F /* Build configuration list for PBXNativeTarget "Netflix Clone" */;
			buildPhases = (
				5496C29728CC8EB7006BBF7F /* Sources */,
				5496C29828CC8EB7006BBF7F /* Frameworks */,
				5496C29928CC8EB7006BBF7F /* Resources */,
			);
			buildRules = (
			);
			dependencies = (
			);
			name = "Netflix Clone";
			packageProductDependencies = (
				5462115828CE6FF600663236 /* SDWebImageMapKit */,
				545E0A3C28CF9F520016368C /* Kingfisher */,
			);
			productName = "Netflix Clone";
			productReference = 5496C29B28CC8EB7006BBF7F /* Netflix Clone.app */;
			productType = "com.apple.product-type.application";
		};
/* End PBXNativeTarget section */

/* Begin PBXProject section */
		5496C29328CC8EB7006BBF7F /* Project object */ = {
			isa = PBXProject;
			attributes = {
				BuildIndependentTargetsInParallel = 1;
				LastSwiftUpdateCheck = 1330;
				LastUpgradeCheck = 1330;
				TargetAttributes = {
					5496C29A28CC8EB7006BBF7F = {
						CreatedOnToolsVersion = 13.3.1;
					};
				};
			};
			buildConfigurationList = 5496C29628CC8EB7006BBF7F /* Build configuration list for PBXProject "Netflix Clone" */;
			compatibilityVersion = "Xcode 13.0";
			developmentRegion = en;
			hasScannedForEncodings = 0;
			knownRegions = (
				en,
				Base,
			);
			mainGroup = 5496C29228CC8EB7006BBF7F;
			packageReferences = (
				5462115728CE6FF600663236 /* XCRemoteSwiftPackageReference "SDWebImage" */,
				545E0A3B28CF9F520016368C /* XCRemoteSwiftPackageReference "Kingfisher" */,
			);
			productRefGroup = 5496C29C28CC8EB7006BBF7F /* Products */;
			projectDirPath = "";
			projectRoot = "";
			targets = (
				5496C29A28CC8EB7006BBF7F /* Netflix Clone */,
			);
		};
/* End PBXProject section */

/* Begin PBXResourcesBuildPhase section */
		5496C29928CC8EB7006BBF7F /* Resources */ = {
			isa = PBXResourcesBuildPhase;
			buildActionMask = 2147483647;
			files = (
				5496C2AB28CC8EB8006BBF7F /* LaunchScreen.storyboard in Resources */,
				5496C2A828CC8EB8006BBF7F /* Assets.xcassets in Resources */,
			);
			runOnlyForDeploymentPostprocessing = 0;
		};
/* End PBXResourcesBuildPhase section */

/* Begin PBXSourcesBuildPhase section */
		5496C29728CC8EB7006BBF7F /* Sources */ = {
			isa = PBXSourcesBuildPhase;
			buildActionMask = 2147483647;
			files = (
				545E0A3F28CFA8E00016368C /* SearchResultVC.swift in Sources */,
				54D02ABA28D3158300D60818 /* DataPersistanceManager.swift in Sources */,
				5496C2B928CC91D7006BBF7F /* SearchVC.swift in Sources */,
				5496C2A328CC8EB7006BBF7F /* MainTabbarVC.swift in Sources */,
				544433A728D070BD00EBCE52 /* YoutubeModel.swift in Sources */,
				546591B828D0B5AC00BFA789 /* MoviePreviewVC.swift in Sources */,
				5496C2B728CC91BC006BBF7F /* UpComingVC.swift in Sources */,
				54E5AE7128CCFF7300872E46 /* APICaller.swift in Sources */,
				5496C2B528CC919B006BBF7F /* HomeVC.swift in Sources */,
				546591BA28D0C41200BFA789 /* MoviePreviewViewModel.swift in Sources */,
				5462115028CE532700663236 /* Movie.swift in Sources */,
				5496C2C428CCB11D006BBF7F /* HeroHeaderView.swift in Sources */,
				54B53AE028CDBC1E00A5DEDE /* String+Extension.swift in Sources */,
				5496C2BB28CC91EE006BBF7F /* DownloadsVC.swift in Sources */,
				5496C29F28CC8EB7006BBF7F /* AppDelegate.swift in Sources */,
				5462115B28CE940500663236 /* UpComingTableCell.swift in Sources */,
				5474C10128CF1FB60091985B /* MovieViewModel.swift in Sources */,
				5462115228CE5A3400663236 /* MovieCollectionCell.swift in Sources */,
				54B53ADD28CDB95F00A5DEDE /* AppError.swift in Sources */,
				54AA345828D2FB680026C315 /* NetflixModel.xcdatamodeld in Sources */,
				5496C2A128CC8EB7006BBF7F /* SceneDelegate.swift in Sources */,
				5496C2C228CCA04F006BBF7F /* MovieTableViewCell.swift in Sources */,
			);
			runOnlyForDeploymentPostprocessing = 0;
		};
/* End PBXSourcesBuildPhase section */

/* Begin PBXVariantGroup section */
		5496C2A928CC8EB8006BBF7F /* LaunchScreen.storyboard */ = {
			isa = PBXVariantGroup;
			children = (
				5496C2AA28CC8EB8006BBF7F /* Base */,
			);
			name = LaunchScreen.storyboard;
			sourceTree = "<group>";
		};
/* End PBXVariantGroup section */

/* Begin XCBuildConfiguration section */
		5496C2AD28CC8EB8006BBF7F /* Debug */ = {
			isa = XCBuildConfiguration;
			buildSettings = {
				ALWAYS_SEARCH_USER_PATHS = NO;
				CLANG_ANALYZER_NONNULL = YES;
				CLANG_ANALYZER_NUMBER_OBJECT_CONVERSION = YES_AGGRESSIVE;
				CLANG_CXX_LANGUAGE_STANDARD = "gnu++17";
				CLANG_ENABLE_MODULES = YES;
				CLANG_ENABLE_OBJC_ARC = YES;
				CLANG_ENABLE_OBJC_WEAK = YES;
				CLANG_WARN_BLOCK_CAPTURE_AUTORELEASING = YES;
				CLANG_WARN_BOOL_CONVERSION = YES;
				CLANG_WARN_COMMA = YES;
				CLANG_WARN_CONSTANT_CONVERSION = YES;
				CLANG_WARN_DEPRECATED_OBJC_IMPLEMENTATIONS = YES;
				CLANG_WARN_DIRECT_OBJC_ISA_USAGE = YES_ERROR;
				CLANG_WARN_DOCUMENTATION_COMMENTS = YES;
				CLANG_WARN_EMPTY_BODY = YES;
				CLANG_WARN_ENUM_CONVERSION = YES;
				CLANG_WARN_INFINITE_RECURSION = YES;
				CLANG_WARN_INT_CONVERSION = YES;
				CLANG_WARN_NON_LITERAL_NULL_CONVERSION = YES;
				CLANG_WARN_OBJC_IMPLICIT_RETAIN_SELF = YES;
				CLANG_WARN_OBJC_LITERAL_CONVERSION = YES;
				CLANG_WARN_OBJC_ROOT_CLASS = YES_ERROR;
				CLANG_WARN_QUOTED_INCLUDE_IN_FRAMEWORK_HEADER = YES;
				CLANG_WARN_RANGE_LOOP_ANALYSIS = YES;
				CLANG_WARN_STRICT_PROTOTYPES = YES;
				CLANG_WARN_SUSPICIOUS_MOVE = YES;
				CLANG_WARN_UNGUARDED_AVAILABILITY = YES_AGGRESSIVE;
				CLANG_WARN_UNREACHABLE_CODE = YES;
				CLANG_WARN__DUPLICATE_METHOD_MATCH = YES;
				COPY_PHASE_STRIP = NO;
				DEBUG_INFORMATION_FORMAT = dwarf;
				ENABLE_STRICT_OBJC_MSGSEND = YES;
				ENABLE_TESTABILITY = YES;
				GCC_C_LANGUAGE_STANDARD = gnu11;
				GCC_DYNAMIC_NO_PIC = NO;
				GCC_NO_COMMON_BLOCKS = YES;
				GCC_OPTIMIZATION_LEVEL = 0;
				GCC_PREPROCESSOR_DEFINITIONS = (
					"DEBUG=1",
					"$(inherited)",
				);
				GCC_WARN_64_TO_32_BIT_CONVERSION = YES;
				GCC_WARN_ABOUT_RETURN_TYPE = YES_ERROR;
				GCC_WARN_UNDECLARED_SELECTOR = YES;
				GCC_WARN_UNINITIALIZED_AUTOS = YES_AGGRESSIVE;
				GCC_WARN_UNUSED_FUNCTION = YES;
				GCC_WARN_UNUSED_VARIABLE = YES;
				IPHONEOS_DEPLOYMENT_TARGET = 15.4;
				MTL_ENABLE_DEBUG_INFO = INCLUDE_SOURCE;
				MTL_FAST_MATH = YES;
				ONLY_ACTIVE_ARCH = YES;
				SDKROOT = iphoneos;
				SWIFT_ACTIVE_COMPILATION_CONDITIONS = DEBUG;
				SWIFT_OPTIMIZATION_LEVEL = "-Onone";
			};
			name = Debug;
		};
		5496C2AE28CC8EB8006BBF7F /* Release */ = {
			isa = XCBuildConfiguration;
			buildSettings = {
				ALWAYS_SEARCH_USER_PATHS = NO;
				CLANG_ANALYZER_NONNULL = YES;
				CLANG_ANALYZER_NUMBER_OBJECT_CONVERSION = YES_AGGRESSIVE;
				CLANG_CXX_LANGUAGE_STANDARD = "gnu++17";
				CLANG_ENABLE_MODULES = YES;
				CLANG_ENABLE_OBJC_ARC = YES;
				CLANG_ENABLE_OBJC_WEAK = YES;
				CLANG_WARN_BLOCK_CAPTURE_AUTORELEASING = YES;
				CLANG_WARN_BOOL_CONVERSION = YES;
				CLANG_WARN_COMMA = YES;
				CLANG_WARN_CONSTANT_CONVERSION = YES;
				CLANG_WARN_DEPRECATED_OBJC_IMPLEMENTATIONS = YES;
				CLANG_WARN_DIRECT_OBJC_ISA_USAGE = YES_ERROR;
				CLANG_WARN_DOCUMENTATION_COMMENTS = YES;
				CLANG_WARN_EMPTY_BODY = YES;
				CLANG_WARN_ENUM_CONVERSION = YES;
				CLANG_WARN_INFINITE_RECURSION = YES;
				CLANG_WARN_INT_CONVERSION = YES;
				CLANG_WARN_NON_LITERAL_NULL_CONVERSION = YES;
				CLANG_WARN_OBJC_IMPLICIT_RETAIN_SELF = YES;
				CLANG_WARN_OBJC_LITERAL_CONVERSION = YES;
				CLANG_WARN_OBJC_ROOT_CLASS = YES_ERROR;
				CLANG_WARN_QUOTED_INCLUDE_IN_FRAMEWORK_HEADER = YES;
				CLANG_WARN_RANGE_LOOP_ANALYSIS = YES;
				CLANG_WARN_STRICT_PROTOTYPES = YES;
				CLANG_WARN_SUSPICIOUS_MOVE = YES;
				CLANG_WARN_UNGUARDED_AVAILABILITY = YES_AGGRESSIVE;
				CLANG_WARN_UNREACHABLE_CODE = YES;
				CLANG_WARN__DUPLICATE_METHOD_MATCH = YES;
				COPY_PHASE_STRIP = NO;
				DEBUG_INFORMATION_FORMAT = "dwarf-with-dsym";
				ENABLE_NS_ASSERTIONS = NO;
				ENABLE_STRICT_OBJC_MSGSEND = YES;
				GCC_C_LANGUAGE_STANDARD = gnu11;
				GCC_NO_COMMON_BLOCKS = YES;
				GCC_WARN_64_TO_32_BIT_CONVERSION = YES;
				GCC_WARN_ABOUT_RETURN_TYPE = YES_ERROR;
				GCC_WARN_UNDECLARED_SELECTOR = YES;
				GCC_WARN_UNINITIALIZED_AUTOS = YES_AGGRESSIVE;
				GCC_WARN_UNUSED_FUNCTION = YES;
				GCC_WARN_UNUSED_VARIABLE = YES;
				IPHONEOS_DEPLOYMENT_TARGET = 15.4;
				MTL_ENABLE_DEBUG_INFO = NO;
				MTL_FAST_MATH = YES;
				SDKROOT = iphoneos;
				SWIFT_COMPILATION_MODE = wholemodule;
				SWIFT_OPTIMIZATION_LEVEL = "-O";
				VALIDATE_PRODUCT = YES;
			};
			name = Release;
		};
		5496C2B028CC8EB8006BBF7F /* Debug */ = {
			isa = XCBuildConfiguration;
			buildSettings = {
				ASSETCATALOG_COMPILER_APPICON_NAME = AppIcon;
				ASSETCATALOG_COMPILER_GLOBAL_ACCENT_COLOR_NAME = AccentColor;
				CODE_SIGN_STYLE = Automatic;
				CURRENT_PROJECT_VERSION = 1;
				DEVELOPMENT_TEAM = WJT22M2F7F;
				GENERATE_INFOPLIST_FILE = YES;
				INFOPLIST_FILE = "Netflix Clone/Info.plist";
				INFOPLIST_KEY_UIApplicationSupportsIndirectInputEvents = YES;
				INFOPLIST_KEY_UILaunchStoryboardName = LaunchScreen;
				INFOPLIST_KEY_UISupportedInterfaceOrientations_iPad = "UIInterfaceOrientationPortrait UIInterfaceOrientationPortraitUpsideDown UIInterfaceOrientationLandscapeLeft UIInterfaceOrientationLandscapeRight";
				INFOPLIST_KEY_UISupportedInterfaceOrientations_iPhone = "UIInterfaceOrientationPortrait UIInterfaceOrientationLandscapeLeft UIInterfaceOrientationLandscapeRight";
				LD_RUNPATH_SEARCH_PATHS = (
					"$(inherited)",
					"@executable_path/Frameworks",
				);
				MARKETING_VERSION = 1.0.1;
				PRODUCT_BUNDLE_IDENTIFIER = "burak-akcan.Netflix-Clone";
				PRODUCT_NAME = "$(TARGET_NAME)";
				SWIFT_EMIT_LOC_STRINGS = YES;
				SWIFT_VERSION = 5.0;
				TARGETED_DEVICE_FAMILY = 1;
			};
			name = Debug;
		};
		5496C2B128CC8EB8006BBF7F /* Release */ = {
			isa = XCBuildConfiguration;
			buildSettings = {
				ASSETCATALOG_COMPILER_APPICON_NAME = AppIcon;
				ASSETCATALOG_COMPILER_GLOBAL_ACCENT_COLOR_NAME = AccentColor;
				CODE_SIGN_STYLE = Automatic;
				CURRENT_PROJECT_VERSION = 1;
				DEVELOPMENT_TEAM = WJT22M2F7F;
				GENERATE_INFOPLIST_FILE = YES;
				INFOPLIST_FILE = "Netflix Clone/Info.plist";
				INFOPLIST_KEY_UIApplicationSupportsIndirectInputEvents = YES;
				INFOPLIST_KEY_UILaunchStoryboardName = LaunchScreen;
				INFOPLIST_KEY_UISupportedInterfaceOrientations_iPad = "UIInterfaceOrientationPortrait UIInterfaceOrientationPortraitUpsideDown UIInterfaceOrientationLandscapeLeft UIInterfaceOrientationLandscapeRight";
				INFOPLIST_KEY_UISupportedInterfaceOrientations_iPhone = "UIInterfaceOrientationPortrait UIInterfaceOrientationLandscapeLeft UIInterfaceOrientationLandscapeRight";
				LD_RUNPATH_SEARCH_PATHS = (
					"$(inherited)",
					"@executable_path/Frameworks",
				);
				MARKETING_VERSION = 1.0.1;
				PRODUCT_BUNDLE_IDENTIFIER = "burak-akcan.Netflix-Clone";
				PRODUCT_NAME = "$(TARGET_NAME)";
				SWIFT_EMIT_LOC_STRINGS = YES;
				SWIFT_VERSION = 5.0;
				TARGETED_DEVICE_FAMILY = 1;
			};
			name = Release;
		};
/* End XCBuildConfiguration section */

/* Begin XCConfigurationList section */
		5496C29628CC8EB7006BBF7F /* Build configuration list for PBXProject "Netflix Clone" */ = {
			isa = XCConfigurationList;
			buildConfigurations = (
				5496C2AD28CC8EB8006BBF7F /* Debug */,
				5496C2AE28CC8EB8006BBF7F /* Release */,
			);
			defaultConfigurationIsVisible = 0;
			defaultConfigurationName = Release;
		};
		5496C2AF28CC8EB8006BBF7F /* Build configuration list for PBXNativeTarget "Netflix Clone" */ = {
			isa = XCConfigurationList;
			buildConfigurations = (
				5496C2B028CC8EB8006BBF7F /* Debug */,
				5496C2B128CC8EB8006BBF7F /* Release */,
			);
			defaultConfigurationIsVisible = 0;
			defaultConfigurationName = Release;
		};
/* End XCConfigurationList section */

/* Begin XCRemoteSwiftPackageReference section */
		545E0A3B28CF9F520016368C /* XCRemoteSwiftPackageReference "Kingfisher" */ = {
			isa = XCRemoteSwiftPackageReference;
			repositoryURL = "https://github.com/onevcat/Kingfisher.git";
			requirement = {
				kind = upToNextMajorVersion;
				minimumVersion = 7.0.0;
			};
		};
		5462115728CE6FF600663236 /* XCRemoteSwiftPackageReference "SDWebImage" */ = {
			isa = XCRemoteSwiftPackageReference;
			repositoryURL = "https://github.com/SDWebImage/SDWebImage.git";
			requirement = {
				branch = master;
				kind = branch;
			};
		};
/* End XCRemoteSwiftPackageReference section */

/* Begin XCSwiftPackageProductDependency section */
		545E0A3C28CF9F520016368C /* Kingfisher */ = {
			isa = XCSwiftPackageProductDependency;
			package = 545E0A3B28CF9F520016368C /* XCRemoteSwiftPackageReference "Kingfisher" */;
			productName = Kingfisher;
		};
		5462115828CE6FF600663236 /* SDWebImageMapKit */ = {
			isa = XCSwiftPackageProductDependency;
			package = 5462115728CE6FF600663236 /* XCRemoteSwiftPackageReference "SDWebImage" */;
			productName = SDWebImageMapKit;
		};
/* End XCSwiftPackageProductDependency section */

/* Begin XCVersionGroup section */
		54AA345628D2FB680026C315 /* NetflixModel.xcdatamodeld */ = {
			isa = XCVersionGroup;
			children = (
				54AA345728D2FB680026C315 /* NetflixModel.xcdatamodel */,
			);
			currentVersion = 54AA345728D2FB680026C315 /* NetflixModel.xcdatamodel */;
			path = NetflixModel.xcdatamodeld;
			sourceTree = "<group>";
			versionGroupType = wrapper.xcdatamodel;
		};
/* End XCVersionGroup section */
	};
	rootObject = 5496C29328CC8EB7006BBF7F /* Project object */;
}
